
Microsoft Visual Studio Solution File, Format Version 12.00
# Visual Studio Version 16
VisualStudioVersion = 16.0.30523.141
MinimumVisualStudioVersion = 10.0.40219.1
Project("{2150E333-8FDC-42A3-9474-1A3956D46DE8}") = "01. Clients", "01. Clients", "{2267E610-BB07-4235-809D-CBA8D88B4243}"
EndProject
Project("{2150E333-8FDC-42A3-9474-1A3956D46DE8}") = "02. Api.Gateways", "02. Api.Gateways", "{BD8D41EF-6168-4CE2-A587-D864D80D378A}"
EndProject
Project("{2150E333-8FDC-42A3-9474-1A3956D46DE8}") = "APIs", "APIs", "{A626AECD-F616-41CF-8FEF-72B4E373E5FB}"
EndProject
Project("{2150E333-8FDC-42A3-9474-1A3956D46DE8}") = "03. Services", "03. Services", "{9B27FAF1-1CF0-4492-A1A4-BFEF2DFEE451}"
EndProject
Project("{2150E333-8FDC-42A3-9474-1A3956D46DE8}") = "04. Common", "04. Common", "{EE397FBE-71C3-4748-ABC1-329A24CC9CE0}"
EndProject
Project("{2150E333-8FDC-42A3-9474-1A3956D46DE8}") = "00. Base", "00. Base", "{7B3C22A7-4689-4270-8F93-2188F109823A}"
EndProject
Project("{9A19103F-16F7-4668-BE54-9A1E7A4F7556}") = "Common.Logging", "src\Common\Common.Logging\Common.Logging.csproj", "{6EF902F6-9496-43EF-834E-0BF43E4E819B}"
EndProject
Project("{2150E333-8FDC-42A3-9474-1A3956D46DE8}") = "01. API", "01. API", "{CC9BE244-6FD7-4597-B1C7-FF7C08F24890}"
EndProject
Project("{2150E333-8FDC-42A3-9474-1A3956D46DE8}") = "02. Services", "02. Services", "{994907B7-57DE-4DE2-A498-8C6148B969AC}"
EndProject
Project("{2150E333-8FDC-42A3-9474-1A3956D46DE8}") = "03. Persistence", "03. Persistence", "{20B27B7E-FC80-470B-A94D-FF7921976955}"
EndProject
Project("{2150E333-8FDC-42A3-9474-1A3956D46DE8}") = "04. Models", "04. Models", "{A24FFF35-3BA0-4B86-99C0-F685D066CA70}"
EndProject
Project("{2150E333-8FDC-42A3-9474-1A3956D46DE8}") = "05. Common", "05. Common", "{F626100A-F95C-4849-A96E-795FB8BA42ED}"
EndProject
Project("{2150E333-8FDC-42A3-9474-1A3956D46DE8}") = "06. Testing", "06. Testing", "{5A3258C7-E5AA-4DB6-987E-55480A9A26FD}"
EndProject
Project("{9A19103F-16F7-4668-BE54-9A1E7A4F7556}") = "Base.API", "src\Services\Base\Base.API\Base.API.csproj", "{F18D1FDA-8C45-4093-9E92-117938615E1E}"
EndProject
Project("{2150E333-8FDC-42A3-9474-1A3956D46DE8}") = "Common", "Common", "{35C21482-5FD5-4B43-B133-E775D54BD5CE}"
EndProject
Project("{9A19103F-16F7-4668-BE54-9A1E7A4F7556}") = "Service.Common.Paging", "src\Services\Common\Service.Common.Paging\Service.Common.Paging.csproj", "{3B5595CF-8B4E-4BCF-B0D6-C48C5A1A294A}"
EndProject
Project("{9A19103F-16F7-4668-BE54-9A1E7A4F7556}") = "Service.Common.Collection", "src\Services\Common\Service.Common.Collection\Service.Common.Collection.csproj", "{BDF586FE-6E27-47D9-A74A-F4845F5FF524}"
EndProject
Project("{9A19103F-16F7-4668-BE54-9A1E7A4F7556}") = "Service.Common.Mapping", "src\Services\Common\Service.Common.Mapping\Service.Common.Mapping.csproj", "{14ACC330-D92F-4BE9-AA09-0C158E754F4E}"
EndProject
Project("{2150E333-8FDC-42A3-9474-1A3956D46DE8}") = "01. Playtech", "01. Playtech", "{8D0DC581-4A51-4466-98BF-FCD2E2ED9381}"
EndProject
Project("{9A19103F-16F7-4668-BE54-9A1E7A4F7556}") = "Playtech.API", "src\Services\Playtech\Playtech.API\Playtech.API.csproj", "{F0706719-75AF-434B-9871-CF882FF971D0}"
EndProject
Global
	GlobalSection(SolutionConfigurationPlatforms) = preSolution
		Debug|Any CPU = Debug|Any CPU
		Release|Any CPU = Release|Any CPU
	EndGlobalSection
	GlobalSection(ProjectConfigurationPlatforms) = postSolution
		{6EF902F6-9496-43EF-834E-0BF43E4E819B}.Debug|Any CPU.ActiveCfg = Debug|Any CPU
		{6EF902F6-9496-43EF-834E-0BF43E4E819B}.Debug|Any CPU.Build.0 = Debug|Any CPU
		{6EF902F6-9496-43EF-834E-0BF43E4E819B}.Release|Any CPU.ActiveCfg = Release|Any CPU
		{6EF902F6-9496-43EF-834E-0BF43E4E819B}.Release|Any CPU.Build.0 = Release|Any CPU
		{F18D1FDA-8C45-4093-9E92-117938615E1E}.Debug|Any CPU.ActiveCfg = Debug|Any CPU
		{F18D1FDA-8C45-4093-9E92-117938615E1E}.Debug|Any CPU.Build.0 = Debug|Any CPU
		{F18D1FDA-8C45-4093-9E92-117938615E1E}.Release|Any CPU.ActiveCfg = Release|Any CPU
		{F18D1FDA-8C45-4093-9E92-117938615E1E}.Release|Any CPU.Build.0 = Release|Any CPU
		{3B5595CF-8B4E-4BCF-B0D6-C48C5A1A294A}.Debug|Any CPU.ActiveCfg = Debug|Any CPU
		{3B5595CF-8B4E-4BCF-B0D6-C48C5A1A294A}.Debug|Any CPU.Build.0 = Debug|Any CPU
		{3B5595CF-8B4E-4BCF-B0D6-C48C5A1A294A}.Release|Any CPU.ActiveCfg = Release|Any CPU
		{3B5595CF-8B4E-4BCF-B0D6-C48C5A1A294A}.Release|Any CPU.Build.0 = Release|Any CPU
		{BDF586FE-6E27-47D9-A74A-F4845F5FF524}.Debug|Any CPU.ActiveCfg = Debug|Any CPU
		{BDF586FE-6E27-47D9-A74A-F4845F5FF524}.Debug|Any CPU.Build.0 = Debug|Any CPU
		{BDF586FE-6E27-47D9-A74A-F4845F5FF524}.Release|Any CPU.ActiveCfg = Release|Any CPU
		{BDF586FE-6E27-47D9-A74A-F4845F5FF524}.Release|Any CPU.Build.0 = Release|Any CPU
		{14ACC330-D92F-4BE9-AA09-0C158E754F4E}.Debug|Any CPU.ActiveCfg = Debug|Any CPU
		{14ACC330-D92F-4BE9-AA09-0C158E754F4E}.Debug|Any CPU.Build.0 = Debug|Any CPU
		{14ACC330-D92F-4BE9-AA09-0C158E754F4E}.Release|Any CPU.ActiveCfg = Release|Any CPU
		{14ACC330-D92F-4BE9-AA09-0C158E754F4E}.Release|Any CPU.Build.0 = Release|Any CPU
		{F0706719-75AF-434B-9871-CF882FF971D0}.Debug|Any CPU.ActiveCfg = Debug|Any CPU
		{F0706719-75AF-434B-9871-CF882FF971D0}.Debug|Any CPU.Build.0 = Debug|Any CPU
		{F0706719-75AF-434B-9871-CF882FF971D0}.Release|Any CPU.ActiveCfg = Release|Any CPU
		{F0706719-75AF-434B-9871-CF882FF971D0}.Release|Any CPU.Build.0 = Release|Any CPU
	EndGlobalSection
	GlobalSection(SolutionProperties) = preSolution
		HideSolutionNode = FALSE
	EndGlobalSection
	GlobalSection(NestedProjects) = preSolution
		{A626AECD-F616-41CF-8FEF-72B4E373E5FB} = {BD8D41EF-6168-4CE2-A587-D864D80D378A}
		{7B3C22A7-4689-4270-8F93-2188F109823A} = {9B27FAF1-1CF0-4492-A1A4-BFEF2DFEE451}
		{6EF902F6-9496-43EF-834E-0BF43E4E819B} = {EE397FBE-71C3-4748-ABC1-329A24CC9CE0}
		{CC9BE244-6FD7-4597-B1C7-FF7C08F24890} = {7B3C22A7-4689-4270-8F93-2188F109823A}
		{994907B7-57DE-4DE2-A498-8C6148B969AC} = {7B3C22A7-4689-4270-8F93-2188F109823A}
		{20B27B7E-FC80-470B-A94D-FF7921976955} = {7B3C22A7-4689-4270-8F93-2188F109823A}
		{A24FFF35-3BA0-4B86-99C0-F685D066CA70} = {7B3C22A7-4689-4270-8F93-2188F109823A}
		{F626100A-F95C-4849-A96E-795FB8BA42ED} = {7B3C22A7-4689-4270-8F93-2188F109823A}
		{5A3258C7-E5AA-4DB6-987E-55480A9A26FD} = {7B3C22A7-4689-4270-8F93-2188F109823A}
		{F18D1FDA-8C45-4093-9E92-117938615E1E} = {CC9BE244-6FD7-4597-B1C7-FF7C08F24890}
		{35C21482-5FD5-4B43-B133-E775D54BD5CE} = {9B27FAF1-1CF0-4492-A1A4-BFEF2DFEE451}
		{3B5595CF-8B4E-4BCF-B0D6-C48C5A1A294A} = {35C21482-5FD5-4B43-B133-E775D54BD5CE}
		{BDF586FE-6E27-47D9-A74A-F4845F5FF524} = {35C21482-5FD5-4B43-B133-E775D54BD5CE}
		{14ACC330-D92F-4BE9-AA09-0C158E754F4E} = {35C21482-5FD5-4B43-B133-E775D54BD5CE}
		{8D0DC581-4A51-4466-98BF-FCD2E2ED9381} = {9B27FAF1-1CF0-4492-A1A4-BFEF2DFEE451}
		{F0706719-75AF-434B-9871-CF882FF971D0} = {8D0DC581-4A51-4466-98BF-FCD2E2ED9381}
	EndGlobalSection
	GlobalSection(ExtensibilityGlobals) = postSolution
		SolutionGuid = {0A5531EE-CDD1-445F-9144-2247A88CD37D}
	EndGlobalSection
EndGlobal
