
Microsoft Visual Studio Solution File, Format Version 12.00
# Visual Studio Version 16
VisualStudioVersion = 16.0.30523.141
MinimumVisualStudioVersion = 10.0.40219.1
Project("{2150E333-8FDC-42A3-9474-1A3956D46DE8}") = "01. Clients", "01. Clients", "{2267E610-BB07-4235-809D-CBA8D88B4243}"
EndProject
Project("{2150E333-8FDC-42A3-9474-1A3956D46DE8}") = "02. Api.Gateways", "02. Api.Gateways", "{BD8D41EF-6168-4CE2-A587-D864D80D378A}"
EndProject
Project("{2150E333-8FDC-42A3-9474-1A3956D46DE8}") = "APIs", "APIs", "{A626AECD-F616-41CF-8FEF-72B4E373E5FB}"
EndProject
Project("{2150E333-8FDC-42A3-9474-1A3956D46DE8}") = "03. Services", "03. Services", "{9B27FAF1-1CF0-4492-A1A4-BFEF2DFEE451}"
EndProject
Project("{2150E333-8FDC-42A3-9474-1A3956D46DE8}") = "04. Common", "04. Common", "{EE397FBE-71C3-4748-ABC1-329A24CC9CE0}"
EndProject
Project("{2150E333-8FDC-42A3-9474-1A3956D46DE8}") = "00. Base", "00. Base", "{7B3C22A7-4689-4270-8F93-2188F109823A}"
EndProject
Project("{9A19103F-16F7-4668-BE54-9A1E7A4F7556}") = "Common.Logging", "src\Common\Common.Logging\Common.Logging.csproj", "{6EF902F6-9496-43EF-834E-0BF43E4E819B}"
EndProject
Project("{2150E333-8FDC-42A3-9474-1A3956D46DE8}") = "01. API", "01. API", "{CC9BE244-6FD7-4597-B1C7-FF7C08F24890}"
EndProject
Project("{2150E333-8FDC-42A3-9474-1A3956D46DE8}") = "02. Services", "02. Services", "{994907B7-57DE-4DE2-A498-8C6148B969AC}"
EndProject
Project("{2150E333-8FDC-42A3-9474-1A3956D46DE8}") = "03. Persistence", "03. Persistence", "{20B27B7E-FC80-470B-A94D-FF7921976955}"
EndProject
Project("{2150E333-8FDC-42A3-9474-1A3956D46DE8}") = "04. Models", "04. Models", "{A24FFF35-3BA0-4B86-99C0-F685D066CA70}"
EndProject
Project("{2150E333-8FDC-42A3-9474-1A3956D46DE8}") = "05. Common", "05. Common", "{F626100A-F95C-4849-A96E-795FB8BA42ED}"
EndProject
Project("{2150E333-8FDC-42A3-9474-1A3956D46DE8}") = "06. Testing", "06. Testing", "{5A3258C7-E5AA-4DB6-987E-55480A9A26FD}"
EndProject
Project("{2150E333-8FDC-42A3-9474-1A3956D46DE8}") = "Common", "Common", "{35C21482-5FD5-4B43-B133-E775D54BD5CE}"
EndProject
Project("{9A19103F-16F7-4668-BE54-9A1E7A4F7556}") = "Service.Common.Paging", "src\Services\Common\Service.Common.Paging\Service.Common.Paging.csproj", "{3B5595CF-8B4E-4BCF-B0D6-C48C5A1A294A}"
EndProject
Project("{9A19103F-16F7-4668-BE54-9A1E7A4F7556}") = "Service.Common.Collection", "src\Services\Common\Service.Common.Collection\Service.Common.Collection.csproj", "{BDF586FE-6E27-47D9-A74A-F4845F5FF524}"
EndProject
Project("{9A19103F-16F7-4668-BE54-9A1E7A4F7556}") = "Service.Common.Mapping", "src\Services\Common\Service.Common.Mapping\Service.Common.Mapping.csproj", "{14ACC330-D92F-4BE9-AA09-0C158E754F4E}"
EndProject
Project("{2150E333-8FDC-42A3-9474-1A3956D46DE8}") = "01. Playtech", "01. Playtech", "{8D0DC581-4A51-4466-98BF-FCD2E2ED9381}"
EndProject
Project("{9A19103F-16F7-4668-BE54-9A1E7A4F7556}") = "Playtech.API", "src\Services\Playtech\Playtech.API\Playtech.API.csproj", "{F0706719-75AF-434B-9871-CF882FF971D0}"
EndProject
Project("{2150E333-8FDC-42A3-9474-1A3956D46DE8}") = "02. OmnichannelDB", "02. OmnichannelDB", "{843B0926-C19E-4DC8-A087-B01262B2C782}"
EndProject
Project("{2150E333-8FDC-42A3-9474-1A3956D46DE8}") = "01. API", "01. API", "{0BFE178A-6F54-495D-8D0A-C54DCD261F34}"
EndProject
Project("{2150E333-8FDC-42A3-9474-1A3956D46DE8}") = "01. API", "01. API", "{A30A4DBC-9F57-4AF4-9A0B-FBC86D06D825}"
EndProject
Project("{2150E333-8FDC-42A3-9474-1A3956D46DE8}") = "02. Services", "02. Services", "{1BAA2152-85FA-4638-BF14-D3A54153569A}"
EndProject
Project("{9A19103F-16F7-4668-BE54-9A1E7A4F7556}") = "Base.API", "src\Services\Base\Base.API\Base.API.csproj", "{71212B96-9442-4A54-82E3-56A2308DFD26}"
EndProject
Project("{9A19103F-16F7-4668-BE54-9A1E7A4F7556}") = "Common.Bus", "src\Common\Common.Bus\Common.Bus.csproj", "{1DD85FF2-3955-4BEE-8C5F-8C3B53C3E609}"
EndProject
Project("{2150E333-8FDC-42A3-9474-1A3956D46DE8}") = "02. Services", "02. Services", "{D9E270E4-C033-493C-8DEA-1CC736554636}"
EndProject
Project("{9A19103F-16F7-4668-BE54-9A1E7A4F7556}") = "Playtech.Service.Player", "src\Services\Playtech\Playtech.Service.Player\Playtech.Service.Player.csproj", "{A5F9FB33-36B0-4DB8-907F-BCF7E052F4D3}"
EndProject
Project("{2150E333-8FDC-42A3-9474-1A3956D46DE8}") = "03. Models", "03. Models", "{EE5E5BE3-A143-4A1D-87AF-BEB942D153D9}"
EndProject
Project("{9A19103F-16F7-4668-BE54-9A1E7A4F7556}") = "OmnichannelDB.API", "src\Services\OmnichannelDB\OmnichannelDB.API\OmnichannelDB.API.csproj", "{A3C4AE2D-9632-44E5-9FAB-DE001248AAEF}"
EndProject
Project("{9A19103F-16F7-4668-BE54-9A1E7A4F7556}") = "OmnichannelDB.Service.EventHandlers", "src\Services\OmnichannelDB\OmnichannelDB.Service.EventHandlers\OmnichannelDB.Service.EventHandlers.csproj", "{54320856-A8E1-4456-9A65-A0A3C8B92FAF}"
EndProject
Project("{9A19103F-16F7-4668-BE54-9A1E7A4F7556}") = "OmnichannelDB.Domain", "src\Services\OmnichannelDB\OmnichannelDB.Domain\OmnichannelDB.Domain.csproj", "{3399F96F-D3CC-47FA-B43B-CEA2729D9A0E}"
EndProject
Project("{2150E333-8FDC-42A3-9474-1A3956D46DE8}") = "04. Persistence", "04. Persistence", "{B6F7A2F2-1BF8-468B-8249-80D1BC519F88}"
EndProject
Project("{9A19103F-16F7-4668-BE54-9A1E7A4F7556}") = "OmnichannelDB.Persistence.Database", "src\Services\OmnichannelDB\OmnichannelDB.Persistence.Database\OmnichannelDB.Persistence.Database.csproj", "{E1A74591-B1C3-4A54-A315-6460CD7D2B6C}"
EndProject
Project("{FAE04EC0-301F-11D3-BF4B-00C04F79EFBC}") = "OmnichannelDB.Service.Queries", "src\Services\OmnichannelDB\OmnichannelDB.Service.Queries\OmnichannelDB.Service.Queries.csproj", "{F226D301-AC55-49FE-9747-F3FEBE4860C5}"
EndProject
Global
	GlobalSection(SolutionConfigurationPlatforms) = preSolution
		Debug|Any CPU = Debug|Any CPU
		Release|Any CPU = Release|Any CPU
	EndGlobalSection
	GlobalSection(ProjectConfigurationPlatforms) = postSolution
		{6EF902F6-9496-43EF-834E-0BF43E4E819B}.Debug|Any CPU.ActiveCfg = Debug|Any CPU
		{6EF902F6-9496-43EF-834E-0BF43E4E819B}.Debug|Any CPU.Build.0 = Debug|Any CPU
		{6EF902F6-9496-43EF-834E-0BF43E4E819B}.Release|Any CPU.ActiveCfg = Release|Any CPU
		{6EF902F6-9496-43EF-834E-0BF43E4E819B}.Release|Any CPU.Build.0 = Release|Any CPU
		{3B5595CF-8B4E-4BCF-B0D6-C48C5A1A294A}.Debug|Any CPU.ActiveCfg = Debug|Any CPU
		{3B5595CF-8B4E-4BCF-B0D6-C48C5A1A294A}.Debug|Any CPU.Build.0 = Debug|Any CPU
		{3B5595CF-8B4E-4BCF-B0D6-C48C5A1A294A}.Release|Any CPU.ActiveCfg = Release|Any CPU
		{3B5595CF-8B4E-4BCF-B0D6-C48C5A1A294A}.Release|Any CPU.Build.0 = Release|Any CPU
		{BDF586FE-6E27-47D9-A74A-F4845F5FF524}.Debug|Any CPU.ActiveCfg = Debug|Any CPU
		{BDF586FE-6E27-47D9-A74A-F4845F5FF524}.Debug|Any CPU.Build.0 = Debug|Any CPU
		{BDF586FE-6E27-47D9-A74A-F4845F5FF524}.Release|Any CPU.ActiveCfg = Release|Any CPU
		{BDF586FE-6E27-47D9-A74A-F4845F5FF524}.Release|Any CPU.Build.0 = Release|Any CPU
		{14ACC330-D92F-4BE9-AA09-0C158E754F4E}.Debug|Any CPU.ActiveCfg = Debug|Any CPU
		{14ACC330-D92F-4BE9-AA09-0C158E754F4E}.Debug|Any CPU.Build.0 = Debug|Any CPU
		{14ACC330-D92F-4BE9-AA09-0C158E754F4E}.Release|Any CPU.ActiveCfg = Release|Any CPU
		{14ACC330-D92F-4BE9-AA09-0C158E754F4E}.Release|Any CPU.Build.0 = Release|Any CPU
		{F0706719-75AF-434B-9871-CF882FF971D0}.Debug|Any CPU.ActiveCfg = Debug|Any CPU
		{F0706719-75AF-434B-9871-CF882FF971D0}.Debug|Any CPU.Build.0 = Debug|Any CPU
		{F0706719-75AF-434B-9871-CF882FF971D0}.Release|Any CPU.ActiveCfg = Release|Any CPU
		{F0706719-75AF-434B-9871-CF882FF971D0}.Release|Any CPU.Build.0 = Release|Any CPU
		{71212B96-9442-4A54-82E3-56A2308DFD26}.Debug|Any CPU.ActiveCfg = Debug|Any CPU
		{71212B96-9442-4A54-82E3-56A2308DFD26}.Debug|Any CPU.Build.0 = Debug|Any CPU
		{71212B96-9442-4A54-82E3-56A2308DFD26}.Release|Any CPU.ActiveCfg = Release|Any CPU
		{71212B96-9442-4A54-82E3-56A2308DFD26}.Release|Any CPU.Build.0 = Release|Any CPU
		{1DD85FF2-3955-4BEE-8C5F-8C3B53C3E609}.Debug|Any CPU.ActiveCfg = Debug|Any CPU
		{1DD85FF2-3955-4BEE-8C5F-8C3B53C3E609}.Debug|Any CPU.Build.0 = Debug|Any CPU
		{1DD85FF2-3955-4BEE-8C5F-8C3B53C3E609}.Release|Any CPU.ActiveCfg = Release|Any CPU
		{1DD85FF2-3955-4BEE-8C5F-8C3B53C3E609}.Release|Any CPU.Build.0 = Release|Any CPU
		{A5F9FB33-36B0-4DB8-907F-BCF7E052F4D3}.Debug|Any CPU.ActiveCfg = Debug|Any CPU
		{A5F9FB33-36B0-4DB8-907F-BCF7E052F4D3}.Debug|Any CPU.Build.0 = Debug|Any CPU
		{A5F9FB33-36B0-4DB8-907F-BCF7E052F4D3}.Release|Any CPU.ActiveCfg = Release|Any CPU
		{A5F9FB33-36B0-4DB8-907F-BCF7E052F4D3}.Release|Any CPU.Build.0 = Release|Any CPU
		{A3C4AE2D-9632-44E5-9FAB-DE001248AAEF}.Debug|Any CPU.ActiveCfg = Debug|Any CPU
		{A3C4AE2D-9632-44E5-9FAB-DE001248AAEF}.Debug|Any CPU.Build.0 = Debug|Any CPU
		{A3C4AE2D-9632-44E5-9FAB-DE001248AAEF}.Release|Any CPU.ActiveCfg = Release|Any CPU
		{A3C4AE2D-9632-44E5-9FAB-DE001248AAEF}.Release|Any CPU.Build.0 = Release|Any CPU
		{54320856-A8E1-4456-9A65-A0A3C8B92FAF}.Debug|Any CPU.ActiveCfg = Debug|Any CPU
		{54320856-A8E1-4456-9A65-A0A3C8B92FAF}.Debug|Any CPU.Build.0 = Debug|Any CPU
		{54320856-A8E1-4456-9A65-A0A3C8B92FAF}.Release|Any CPU.ActiveCfg = Release|Any CPU
		{54320856-A8E1-4456-9A65-A0A3C8B92FAF}.Release|Any CPU.Build.0 = Release|Any CPU
		{3399F96F-D3CC-47FA-B43B-CEA2729D9A0E}.Debug|Any CPU.ActiveCfg = Debug|Any CPU
		{3399F96F-D3CC-47FA-B43B-CEA2729D9A0E}.Debug|Any CPU.Build.0 = Debug|Any CPU
		{3399F96F-D3CC-47FA-B43B-CEA2729D9A0E}.Release|Any CPU.ActiveCfg = Release|Any CPU
		{3399F96F-D3CC-47FA-B43B-CEA2729D9A0E}.Release|Any CPU.Build.0 = Release|Any CPU
		{E1A74591-B1C3-4A54-A315-6460CD7D2B6C}.Debug|Any CPU.ActiveCfg = Debug|Any CPU
		{E1A74591-B1C3-4A54-A315-6460CD7D2B6C}.Debug|Any CPU.Build.0 = Debug|Any CPU
		{E1A74591-B1C3-4A54-A315-6460CD7D2B6C}.Release|Any CPU.ActiveCfg = Release|Any CPU
		{E1A74591-B1C3-4A54-A315-6460CD7D2B6C}.Release|Any CPU.Build.0 = Release|Any CPU
		{F226D301-AC55-49FE-9747-F3FEBE4860C5}.Debug|Any CPU.ActiveCfg = Debug|Any CPU
		{F226D301-AC55-49FE-9747-F3FEBE4860C5}.Debug|Any CPU.Build.0 = Debug|Any CPU
		{F226D301-AC55-49FE-9747-F3FEBE4860C5}.Release|Any CPU.ActiveCfg = Release|Any CPU
		{F226D301-AC55-49FE-9747-F3FEBE4860C5}.Release|Any CPU.Build.0 = Release|Any CPU
	EndGlobalSection
	GlobalSection(SolutionProperties) = preSolution
		HideSolutionNode = FALSE
	EndGlobalSection
	GlobalSection(NestedProjects) = preSolution
		{A626AECD-F616-41CF-8FEF-72B4E373E5FB} = {BD8D41EF-6168-4CE2-A587-D864D80D378A}
		{7B3C22A7-4689-4270-8F93-2188F109823A} = {9B27FAF1-1CF0-4492-A1A4-BFEF2DFEE451}
		{6EF902F6-9496-43EF-834E-0BF43E4E819B} = {EE397FBE-71C3-4748-ABC1-329A24CC9CE0}
		{CC9BE244-6FD7-4597-B1C7-FF7C08F24890} = {7B3C22A7-4689-4270-8F93-2188F109823A}
		{994907B7-57DE-4DE2-A498-8C6148B969AC} = {7B3C22A7-4689-4270-8F93-2188F109823A}
		{20B27B7E-FC80-470B-A94D-FF7921976955} = {7B3C22A7-4689-4270-8F93-2188F109823A}
		{A24FFF35-3BA0-4B86-99C0-F685D066CA70} = {7B3C22A7-4689-4270-8F93-2188F109823A}
		{F626100A-F95C-4849-A96E-795FB8BA42ED} = {7B3C22A7-4689-4270-8F93-2188F109823A}
		{5A3258C7-E5AA-4DB6-987E-55480A9A26FD} = {7B3C22A7-4689-4270-8F93-2188F109823A}
		{35C21482-5FD5-4B43-B133-E775D54BD5CE} = {9B27FAF1-1CF0-4492-A1A4-BFEF2DFEE451}
		{3B5595CF-8B4E-4BCF-B0D6-C48C5A1A294A} = {35C21482-5FD5-4B43-B133-E775D54BD5CE}
		{BDF586FE-6E27-47D9-A74A-F4845F5FF524} = {35C21482-5FD5-4B43-B133-E775D54BD5CE}
		{14ACC330-D92F-4BE9-AA09-0C158E754F4E} = {35C21482-5FD5-4B43-B133-E775D54BD5CE}
		{8D0DC581-4A51-4466-98BF-FCD2E2ED9381} = {9B27FAF1-1CF0-4492-A1A4-BFEF2DFEE451}
		{F0706719-75AF-434B-9871-CF882FF971D0} = {0BFE178A-6F54-495D-8D0A-C54DCD261F34}
		{843B0926-C19E-4DC8-A087-B01262B2C782} = {9B27FAF1-1CF0-4492-A1A4-BFEF2DFEE451}
		{0BFE178A-6F54-495D-8D0A-C54DCD261F34} = {8D0DC581-4A51-4466-98BF-FCD2E2ED9381}
		{A30A4DBC-9F57-4AF4-9A0B-FBC86D06D825} = {843B0926-C19E-4DC8-A087-B01262B2C782}
		{1BAA2152-85FA-4638-BF14-D3A54153569A} = {843B0926-C19E-4DC8-A087-B01262B2C782}
		{71212B96-9442-4A54-82E3-56A2308DFD26} = {CC9BE244-6FD7-4597-B1C7-FF7C08F24890}
		{1DD85FF2-3955-4BEE-8C5F-8C3B53C3E609} = {EE397FBE-71C3-4748-ABC1-329A24CC9CE0}
		{D9E270E4-C033-493C-8DEA-1CC736554636} = {8D0DC581-4A51-4466-98BF-FCD2E2ED9381}
		{A5F9FB33-36B0-4DB8-907F-BCF7E052F4D3} = {D9E270E4-C033-493C-8DEA-1CC736554636}
		{EE5E5BE3-A143-4A1D-87AF-BEB942D153D9} = {843B0926-C19E-4DC8-A087-B01262B2C782}
		{A3C4AE2D-9632-44E5-9FAB-DE001248AAEF} = {A30A4DBC-9F57-4AF4-9A0B-FBC86D06D825}
		{54320856-A8E1-4456-9A65-A0A3C8B92FAF} = {1BAA2152-85FA-4638-BF14-D3A54153569A}
		{3399F96F-D3CC-47FA-B43B-CEA2729D9A0E} = {EE5E5BE3-A143-4A1D-87AF-BEB942D153D9}
		{B6F7A2F2-1BF8-468B-8249-80D1BC519F88} = {843B0926-C19E-4DC8-A087-B01262B2C782}
		{E1A74591-B1C3-4A54-A315-6460CD7D2B6C} = {B6F7A2F2-1BF8-468B-8249-80D1BC519F88}
		{F226D301-AC55-49FE-9747-F3FEBE4860C5} = {1BAA2152-85FA-4638-BF14-D3A54153569A}
	EndGlobalSection
	GlobalSection(ExtensibilityGlobals) = postSolution
		SolutionGuid = {0A5531EE-CDD1-445F-9144-2247A88CD37D}
	EndGlobalSection
EndGlobal
