
Microsoft Visual Studio Solution File, Format Version 12.00
# Visual Studio Version 16
VisualStudioVersion = 16.0.30523.141
MinimumVisualStudioVersion = 10.0.40219.1
Project("{2150E333-8FDC-42A3-9474-1A3956D46DE8}") = "01. Clients", "01. Clients", "{2267E610-BB07-4235-809D-CBA8D88B4243}"
EndProject
Project("{2150E333-8FDC-42A3-9474-1A3956D46DE8}") = "02. Api.Gateways", "02. Api.Gateways", "{BD8D41EF-6168-4CE2-A587-D864D80D378A}"
EndProject
Project("{2150E333-8FDC-42A3-9474-1A3956D46DE8}") = "03. Services", "03. Services", "{9B27FAF1-1CF0-4492-A1A4-BFEF2DFEE451}"
EndProject
Project("{2150E333-8FDC-42A3-9474-1A3956D46DE8}") = "05. Common", "05. Common", "{EE397FBE-71C3-4748-ABC1-329A24CC9CE0}"
EndProject
Project("{2150E333-8FDC-42A3-9474-1A3956D46DE8}") = "00. Base", "00. Base", "{7B3C22A7-4689-4270-8F93-2188F109823A}"
EndProject
Project("{9A19103F-16F7-4668-BE54-9A1E7A4F7556}") = "Common.Logging", "src\Common\Common.Logging\Common.Logging.csproj", "{6EF902F6-9496-43EF-834E-0BF43E4E819B}"
EndProject
Project("{2150E333-8FDC-42A3-9474-1A3956D46DE8}") = "01. API", "01. API", "{CC9BE244-6FD7-4597-B1C7-FF7C08F24890}"
EndProject
Project("{2150E333-8FDC-42A3-9474-1A3956D46DE8}") = "02. Services", "02. Services", "{994907B7-57DE-4DE2-A498-8C6148B969AC}"
EndProject
Project("{2150E333-8FDC-42A3-9474-1A3956D46DE8}") = "03. Persistence", "03. Persistence", "{20B27B7E-FC80-470B-A94D-FF7921976955}"
EndProject
Project("{2150E333-8FDC-42A3-9474-1A3956D46DE8}") = "04. Models", "04. Models", "{A24FFF35-3BA0-4B86-99C0-F685D066CA70}"
EndProject
Project("{2150E333-8FDC-42A3-9474-1A3956D46DE8}") = "05. Common", "05. Common", "{F626100A-F95C-4849-A96E-795FB8BA42ED}"
EndProject
Project("{2150E333-8FDC-42A3-9474-1A3956D46DE8}") = "06. Testing", "06. Testing", "{5A3258C7-E5AA-4DB6-987E-55480A9A26FD}"
EndProject
Project("{2150E333-8FDC-42A3-9474-1A3956D46DE8}") = "Common", "Common", "{35C21482-5FD5-4B43-B133-E775D54BD5CE}"
EndProject
Project("{9A19103F-16F7-4668-BE54-9A1E7A4F7556}") = "Service.Common.Paging", "src\Services\Common\Service.Common.Paging\Service.Common.Paging.csproj", "{3B5595CF-8B4E-4BCF-B0D6-C48C5A1A294A}"
EndProject
Project("{9A19103F-16F7-4668-BE54-9A1E7A4F7556}") = "Service.Common.Collection", "src\Services\Common\Service.Common.Collection\Service.Common.Collection.csproj", "{BDF586FE-6E27-47D9-A74A-F4845F5FF524}"
EndProject
Project("{9A19103F-16F7-4668-BE54-9A1E7A4F7556}") = "Service.Common.Mapping", "src\Services\Common\Service.Common.Mapping\Service.Common.Mapping.csproj", "{14ACC330-D92F-4BE9-AA09-0C158E754F4E}"
EndProject
Project("{2150E333-8FDC-42A3-9474-1A3956D46DE8}") = "01. Playtech", "01. Playtech", "{8D0DC581-4A51-4466-98BF-FCD2E2ED9381}"
EndProject
Project("{9A19103F-16F7-4668-BE54-9A1E7A4F7556}") = "Playtech.API", "src\Services\Playtech\Playtech.API\Playtech.API.csproj", "{F0706719-75AF-434B-9871-CF882FF971D0}"
EndProject
Project("{2150E333-8FDC-42A3-9474-1A3956D46DE8}") = "02. OmnichannelDB", "02. OmnichannelDB", "{843B0926-C19E-4DC8-A087-B01262B2C782}"
EndProject
Project("{2150E333-8FDC-42A3-9474-1A3956D46DE8}") = "01. API", "01. API", "{0BFE178A-6F54-495D-8D0A-C54DCD261F34}"
EndProject
Project("{2150E333-8FDC-42A3-9474-1A3956D46DE8}") = "01. API", "01. API", "{A30A4DBC-9F57-4AF4-9A0B-FBC86D06D825}"
EndProject
Project("{2150E333-8FDC-42A3-9474-1A3956D46DE8}") = "02. Services", "02. Services", "{1BAA2152-85FA-4638-BF14-D3A54153569A}"
EndProject
Project("{9A19103F-16F7-4668-BE54-9A1E7A4F7556}") = "Base.API", "src\Services\Base\Base.API\Base.API.csproj", "{71212B96-9442-4A54-82E3-56A2308DFD26}"
EndProject
Project("{9A19103F-16F7-4668-BE54-9A1E7A4F7556}") = "Common.Bus", "src\Common\Common.Bus\Common.Bus.csproj", "{1DD85FF2-3955-4BEE-8C5F-8C3B53C3E609}"
EndProject
Project("{2150E333-8FDC-42A3-9474-1A3956D46DE8}") = "02. Services", "02. Services", "{D9E270E4-C033-493C-8DEA-1CC736554636}"
EndProject
Project("{9A19103F-16F7-4668-BE54-9A1E7A4F7556}") = "Playtech.Service.Player", "src\Services\Playtech\Playtech.Service.Player\Playtech.Service.Player.csproj", "{A5F9FB33-36B0-4DB8-907F-BCF7E052F4D3}"
EndProject
Project("{2150E333-8FDC-42A3-9474-1A3956D46DE8}") = "03. Models", "03. Models", "{EE5E5BE3-A143-4A1D-87AF-BEB942D153D9}"
EndProject
Project("{9A19103F-16F7-4668-BE54-9A1E7A4F7556}") = "OmnichannelDB.API", "src\Services\OmnichannelDB\OmnichannelDB.API\OmnichannelDB.API.csproj", "{A3C4AE2D-9632-44E5-9FAB-DE001248AAEF}"
EndProject
Project("{9A19103F-16F7-4668-BE54-9A1E7A4F7556}") = "OmnichannelDB.Service.EventHandlers", "src\Services\OmnichannelDB\OmnichannelDB.Service.EventHandlers\OmnichannelDB.Service.EventHandlers.csproj", "{54320856-A8E1-4456-9A65-A0A3C8B92FAF}"
EndProject
Project("{9A19103F-16F7-4668-BE54-9A1E7A4F7556}") = "OmnichannelDB.Domain", "src\Services\OmnichannelDB\OmnichannelDB.Domain\OmnichannelDB.Domain.csproj", "{3399F96F-D3CC-47FA-B43B-CEA2729D9A0E}"
EndProject
Project("{2150E333-8FDC-42A3-9474-1A3956D46DE8}") = "04. Persistence", "04. Persistence", "{B6F7A2F2-1BF8-468B-8249-80D1BC519F88}"
EndProject
Project("{9A19103F-16F7-4668-BE54-9A1E7A4F7556}") = "OmnichannelDB.Persistence.Database", "src\Services\OmnichannelDB\OmnichannelDB.Persistence.Database\OmnichannelDB.Persistence.Database.csproj", "{E1A74591-B1C3-4A54-A315-6460CD7D2B6C}"
EndProject
Project("{9A19103F-16F7-4668-BE54-9A1E7A4F7556}") = "OmnichannelDB.Service.Queries", "src\Services\OmnichannelDB\OmnichannelDB.Service.Queries\OmnichannelDB.Service.Queries.csproj", "{F226D301-AC55-49FE-9747-F3FEBE4860C5}"
EndProject
Project("{2150E333-8FDC-42A3-9474-1A3956D46DE8}") = "01. API", "01. API", "{B6B8ED3F-BAD8-4027-8018-48246B008D67}"
EndProject
Project("{9A19103F-16F7-4668-BE54-9A1E7A4F7556}") = "OcelotGw.API", "src\Gateways\OcelotGw.API\OcelotGw.API.csproj", "{8A2CB8E7-CF69-484C-A50D-73269D9446C9}"
EndProject
Project("{2150E333-8FDC-42A3-9474-1A3956D46DE8}") = "03. Users", "03. Users", "{B9E0B3EE-433F-4134-B767-DBAB8520B5AA}"
EndProject
Project("{2150E333-8FDC-42A3-9474-1A3956D46DE8}") = "01. API", "01. API", "{1DA738F7-F57A-4717-BDC6-AC0596BD4471}"
EndProject
Project("{2150E333-8FDC-42A3-9474-1A3956D46DE8}") = "02. Services", "02. Services", "{9C7821DA-7DE5-4460-91F1-E421008648F5}"
EndProject
Project("{2150E333-8FDC-42A3-9474-1A3956D46DE8}") = "03. Persistence", "03. Persistence", "{E2966647-D294-4DE5-B011-B354381E91D7}"
EndProject
Project("{2150E333-8FDC-42A3-9474-1A3956D46DE8}") = "04. Models", "04. Models", "{0A785264-33C9-441D-B958-A6BCB3379131}"
EndProject
Project("{2150E333-8FDC-42A3-9474-1A3956D46DE8}") = "05. Docker", "05. Docker", "{E9241499-A576-44D0-8A16-7270BA000AA0}"
	ProjectSection(SolutionItems) = preProject
		src\Services\Users\docker-compose.yml = src\Services\Users\docker-compose.yml
	EndProjectSection
EndProject
Project("{9A19103F-16F7-4668-BE54-9A1E7A4F7556}") = "Users.Domain", "src\Services\Users\Users.Domain\Users.Domain.csproj", "{A0EC3D75-488D-4801-BE43-0B05001D2C7D}"
EndProject
Project("{9A19103F-16F7-4668-BE54-9A1E7A4F7556}") = "Users.API", "src\Services\Users\Users.API\Users.API.csproj", "{79408754-F289-44CA-BBFC-BD811FE113D8}"
EndProject
Project("{9A19103F-16F7-4668-BE54-9A1E7A4F7556}") = "Users.Persistence.Database", "src\Services\Users\Users.Persistence.Database\Users.Persistence.Database.csproj", "{AB54D8DF-EEB8-4382-A73D-126F2D2107D7}"
EndProject
Project("{9A19103F-16F7-4668-BE54-9A1E7A4F7556}") = "Users.Service.Queries", "src\Services\Users\Users.Service.Queries\Users.Service.Queries.csproj", "{0FAA9C40-44F6-4282-891E-09BFF073D091}"
EndProject
Project("{2150E333-8FDC-42A3-9474-1A3956D46DE8}") = "04. Diagnostics", "04. Diagnostics", "{D84B34B2-CFB8-4E2F-A850-7192794E3D58}"
EndProject
Project("{9A19103F-16F7-4668-BE54-9A1E7A4F7556}") = "Diagnostics.HealthChecks", "src\Diagnostics\Diagnostics.HealthChecks\Diagnostics.HealthChecks.csproj", "{CC326BDF-381C-4144-AF2B-688509F00FE5}"
EndProject
Project("{2150E333-8FDC-42A3-9474-1A3956D46DE8}") = "04. Identity", "04. Identity", "{73837394-9200-4585-A4C3-F4CDFF817371}"
EndProject
Project("{2150E333-8FDC-42A3-9474-1A3956D46DE8}") = "03. Persistence", "03. Persistence", "{DD947F18-D8CE-455B-BBE9-E827D857624C}"
EndProject
Project("{9A19103F-16F7-4668-BE54-9A1E7A4F7556}") = "Identity.Persistence.Database", "src\Services\Identity\Identity.Persistence.Database\Identity.Persistence.Database.csproj", "{823443CD-954F-4AE0-9B21-0B0F8C7FA3C5}"
EndProject
Project("{9A19103F-16F7-4668-BE54-9A1E7A4F7556}") = "Identity.Persistence.GenerateDatabase", "src\Services\Identity\Identity.Persistence.GenerateDatabase\Identity.Persistence.GenerateDatabase.csproj", "{755D9CF5-1850-495A-B5F0-62329A687831}"
EndProject
Project("{2150E333-8FDC-42A3-9474-1A3956D46DE8}") = "01. Server", "01. Server", "{720E4E0D-D543-4423-AB1A-4B7F73926DE4}"
EndProject
Project("{9A19103F-16F7-4668-BE54-9A1E7A4F7556}") = "Identity.Server", "src\Services\Identity\Identity.Server\Identity.Server.csproj", "{E15A5CC8-AAF4-4131-90FD-C10253742BA5}"
EndProject
Project("{2150E333-8FDC-42A3-9474-1A3956D46DE8}") = "02. Test", "02. Test", "{2EE24452-523E-4026-A4E4-8DE79C9D1A6C}"
EndProject
Project("{9A19103F-16F7-4668-BE54-9A1E7A4F7556}") = "Identity.TestClientConsole", "src\Services\Identity\Identity.TestClientConsole\Identity.TestClientConsole.csproj", "{865BF8D2-4B5E-4EC6-BEB9-888AE5DA872C}"
EndProject
Project("{FAE04EC0-301F-11D3-BF4B-00C04F79EFBC}") = "Identity.TestClientAPI", "src\Services\Identity\Identity.TestClientAPI\Identity.TestClientAPI.csproj", "{09EEB1AD-8FA6-4A54-8E8C-97334E7794F7}"
EndProject
Global
	GlobalSection(SolutionConfigurationPlatforms) = preSolution
		Debug|Any CPU = Debug|Any CPU
		Release|Any CPU = Release|Any CPU
	EndGlobalSection
	GlobalSection(ProjectConfigurationPlatforms) = postSolution
		{6EF902F6-9496-43EF-834E-0BF43E4E819B}.Debug|Any CPU.ActiveCfg = Debug|Any CPU
		{6EF902F6-9496-43EF-834E-0BF43E4E819B}.Debug|Any CPU.Build.0 = Debug|Any CPU
		{6EF902F6-9496-43EF-834E-0BF43E4E819B}.Release|Any CPU.ActiveCfg = Release|Any CPU
		{6EF902F6-9496-43EF-834E-0BF43E4E819B}.Release|Any CPU.Build.0 = Release|Any CPU
		{3B5595CF-8B4E-4BCF-B0D6-C48C5A1A294A}.Debug|Any CPU.ActiveCfg = Debug|Any CPU
		{3B5595CF-8B4E-4BCF-B0D6-C48C5A1A294A}.Debug|Any CPU.Build.0 = Debug|Any CPU
		{3B5595CF-8B4E-4BCF-B0D6-C48C5A1A294A}.Release|Any CPU.ActiveCfg = Release|Any CPU
		{3B5595CF-8B4E-4BCF-B0D6-C48C5A1A294A}.Release|Any CPU.Build.0 = Release|Any CPU
		{BDF586FE-6E27-47D9-A74A-F4845F5FF524}.Debug|Any CPU.ActiveCfg = Debug|Any CPU
		{BDF586FE-6E27-47D9-A74A-F4845F5FF524}.Debug|Any CPU.Build.0 = Debug|Any CPU
		{BDF586FE-6E27-47D9-A74A-F4845F5FF524}.Release|Any CPU.ActiveCfg = Release|Any CPU
		{BDF586FE-6E27-47D9-A74A-F4845F5FF524}.Release|Any CPU.Build.0 = Release|Any CPU
		{14ACC330-D92F-4BE9-AA09-0C158E754F4E}.Debug|Any CPU.ActiveCfg = Debug|Any CPU
		{14ACC330-D92F-4BE9-AA09-0C158E754F4E}.Debug|Any CPU.Build.0 = Debug|Any CPU
		{14ACC330-D92F-4BE9-AA09-0C158E754F4E}.Release|Any CPU.ActiveCfg = Release|Any CPU
		{14ACC330-D92F-4BE9-AA09-0C158E754F4E}.Release|Any CPU.Build.0 = Release|Any CPU
		{F0706719-75AF-434B-9871-CF882FF971D0}.Debug|Any CPU.ActiveCfg = Debug|Any CPU
		{F0706719-75AF-434B-9871-CF882FF971D0}.Debug|Any CPU.Build.0 = Debug|Any CPU
		{F0706719-75AF-434B-9871-CF882FF971D0}.Release|Any CPU.ActiveCfg = Release|Any CPU
		{F0706719-75AF-434B-9871-CF882FF971D0}.Release|Any CPU.Build.0 = Release|Any CPU
		{71212B96-9442-4A54-82E3-56A2308DFD26}.Debug|Any CPU.ActiveCfg = Debug|Any CPU
		{71212B96-9442-4A54-82E3-56A2308DFD26}.Debug|Any CPU.Build.0 = Debug|Any CPU
		{71212B96-9442-4A54-82E3-56A2308DFD26}.Release|Any CPU.ActiveCfg = Release|Any CPU
		{71212B96-9442-4A54-82E3-56A2308DFD26}.Release|Any CPU.Build.0 = Release|Any CPU
		{1DD85FF2-3955-4BEE-8C5F-8C3B53C3E609}.Debug|Any CPU.ActiveCfg = Debug|Any CPU
		{1DD85FF2-3955-4BEE-8C5F-8C3B53C3E609}.Debug|Any CPU.Build.0 = Debug|Any CPU
		{1DD85FF2-3955-4BEE-8C5F-8C3B53C3E609}.Release|Any CPU.ActiveCfg = Release|Any CPU
		{1DD85FF2-3955-4BEE-8C5F-8C3B53C3E609}.Release|Any CPU.Build.0 = Release|Any CPU
		{A5F9FB33-36B0-4DB8-907F-BCF7E052F4D3}.Debug|Any CPU.ActiveCfg = Debug|Any CPU
		{A5F9FB33-36B0-4DB8-907F-BCF7E052F4D3}.Debug|Any CPU.Build.0 = Debug|Any CPU
		{A5F9FB33-36B0-4DB8-907F-BCF7E052F4D3}.Release|Any CPU.ActiveCfg = Release|Any CPU
		{A5F9FB33-36B0-4DB8-907F-BCF7E052F4D3}.Release|Any CPU.Build.0 = Release|Any CPU
		{A3C4AE2D-9632-44E5-9FAB-DE001248AAEF}.Debug|Any CPU.ActiveCfg = Debug|Any CPU
		{A3C4AE2D-9632-44E5-9FAB-DE001248AAEF}.Debug|Any CPU.Build.0 = Debug|Any CPU
		{A3C4AE2D-9632-44E5-9FAB-DE001248AAEF}.Release|Any CPU.ActiveCfg = Release|Any CPU
		{A3C4AE2D-9632-44E5-9FAB-DE001248AAEF}.Release|Any CPU.Build.0 = Release|Any CPU
		{54320856-A8E1-4456-9A65-A0A3C8B92FAF}.Debug|Any CPU.ActiveCfg = Debug|Any CPU
		{54320856-A8E1-4456-9A65-A0A3C8B92FAF}.Debug|Any CPU.Build.0 = Debug|Any CPU
		{54320856-A8E1-4456-9A65-A0A3C8B92FAF}.Release|Any CPU.ActiveCfg = Release|Any CPU
		{54320856-A8E1-4456-9A65-A0A3C8B92FAF}.Release|Any CPU.Build.0 = Release|Any CPU
		{3399F96F-D3CC-47FA-B43B-CEA2729D9A0E}.Debug|Any CPU.ActiveCfg = Debug|Any CPU
		{3399F96F-D3CC-47FA-B43B-CEA2729D9A0E}.Debug|Any CPU.Build.0 = Debug|Any CPU
		{3399F96F-D3CC-47FA-B43B-CEA2729D9A0E}.Release|Any CPU.ActiveCfg = Release|Any CPU
		{3399F96F-D3CC-47FA-B43B-CEA2729D9A0E}.Release|Any CPU.Build.0 = Release|Any CPU
		{E1A74591-B1C3-4A54-A315-6460CD7D2B6C}.Debug|Any CPU.ActiveCfg = Debug|Any CPU
		{E1A74591-B1C3-4A54-A315-6460CD7D2B6C}.Debug|Any CPU.Build.0 = Debug|Any CPU
		{E1A74591-B1C3-4A54-A315-6460CD7D2B6C}.Release|Any CPU.ActiveCfg = Release|Any CPU
		{E1A74591-B1C3-4A54-A315-6460CD7D2B6C}.Release|Any CPU.Build.0 = Release|Any CPU
		{F226D301-AC55-49FE-9747-F3FEBE4860C5}.Debug|Any CPU.ActiveCfg = Debug|Any CPU
		{F226D301-AC55-49FE-9747-F3FEBE4860C5}.Debug|Any CPU.Build.0 = Debug|Any CPU
		{F226D301-AC55-49FE-9747-F3FEBE4860C5}.Release|Any CPU.ActiveCfg = Release|Any CPU
		{F226D301-AC55-49FE-9747-F3FEBE4860C5}.Release|Any CPU.Build.0 = Release|Any CPU
		{8A2CB8E7-CF69-484C-A50D-73269D9446C9}.Debug|Any CPU.ActiveCfg = Debug|Any CPU
		{8A2CB8E7-CF69-484C-A50D-73269D9446C9}.Debug|Any CPU.Build.0 = Debug|Any CPU
		{8A2CB8E7-CF69-484C-A50D-73269D9446C9}.Release|Any CPU.ActiveCfg = Release|Any CPU
		{8A2CB8E7-CF69-484C-A50D-73269D9446C9}.Release|Any CPU.Build.0 = Release|Any CPU
		{A0EC3D75-488D-4801-BE43-0B05001D2C7D}.Debug|Any CPU.ActiveCfg = Debug|Any CPU
		{A0EC3D75-488D-4801-BE43-0B05001D2C7D}.Debug|Any CPU.Build.0 = Debug|Any CPU
		{A0EC3D75-488D-4801-BE43-0B05001D2C7D}.Release|Any CPU.ActiveCfg = Release|Any CPU
		{A0EC3D75-488D-4801-BE43-0B05001D2C7D}.Release|Any CPU.Build.0 = Release|Any CPU
		{79408754-F289-44CA-BBFC-BD811FE113D8}.Debug|Any CPU.ActiveCfg = Debug|Any CPU
		{79408754-F289-44CA-BBFC-BD811FE113D8}.Debug|Any CPU.Build.0 = Debug|Any CPU
		{79408754-F289-44CA-BBFC-BD811FE113D8}.Release|Any CPU.ActiveCfg = Release|Any CPU
		{79408754-F289-44CA-BBFC-BD811FE113D8}.Release|Any CPU.Build.0 = Release|Any CPU
		{AB54D8DF-EEB8-4382-A73D-126F2D2107D7}.Debug|Any CPU.ActiveCfg = Debug|Any CPU
		{AB54D8DF-EEB8-4382-A73D-126F2D2107D7}.Debug|Any CPU.Build.0 = Debug|Any CPU
		{AB54D8DF-EEB8-4382-A73D-126F2D2107D7}.Release|Any CPU.ActiveCfg = Release|Any CPU
		{AB54D8DF-EEB8-4382-A73D-126F2D2107D7}.Release|Any CPU.Build.0 = Release|Any CPU
		{0FAA9C40-44F6-4282-891E-09BFF073D091}.Debug|Any CPU.ActiveCfg = Debug|Any CPU
		{0FAA9C40-44F6-4282-891E-09BFF073D091}.Debug|Any CPU.Build.0 = Debug|Any CPU
		{0FAA9C40-44F6-4282-891E-09BFF073D091}.Release|Any CPU.ActiveCfg = Release|Any CPU
		{0FAA9C40-44F6-4282-891E-09BFF073D091}.Release|Any CPU.Build.0 = Release|Any CPU
		{CC326BDF-381C-4144-AF2B-688509F00FE5}.Debug|Any CPU.ActiveCfg = Debug|Any CPU
		{CC326BDF-381C-4144-AF2B-688509F00FE5}.Debug|Any CPU.Build.0 = Debug|Any CPU
		{CC326BDF-381C-4144-AF2B-688509F00FE5}.Release|Any CPU.ActiveCfg = Release|Any CPU
		{CC326BDF-381C-4144-AF2B-688509F00FE5}.Release|Any CPU.Build.0 = Release|Any CPU
		{823443CD-954F-4AE0-9B21-0B0F8C7FA3C5}.Debug|Any CPU.ActiveCfg = Debug|Any CPU
		{823443CD-954F-4AE0-9B21-0B0F8C7FA3C5}.Debug|Any CPU.Build.0 = Debug|Any CPU
		{823443CD-954F-4AE0-9B21-0B0F8C7FA3C5}.Release|Any CPU.ActiveCfg = Release|Any CPU
		{823443CD-954F-4AE0-9B21-0B0F8C7FA3C5}.Release|Any CPU.Build.0 = Release|Any CPU
		{755D9CF5-1850-495A-B5F0-62329A687831}.Debug|Any CPU.ActiveCfg = Debug|Any CPU
		{755D9CF5-1850-495A-B5F0-62329A687831}.Debug|Any CPU.Build.0 = Debug|Any CPU
		{755D9CF5-1850-495A-B5F0-62329A687831}.Release|Any CPU.ActiveCfg = Release|Any CPU
		{755D9CF5-1850-495A-B5F0-62329A687831}.Release|Any CPU.Build.0 = Release|Any CPU
		{E15A5CC8-AAF4-4131-90FD-C10253742BA5}.Debug|Any CPU.ActiveCfg = Debug|Any CPU
		{E15A5CC8-AAF4-4131-90FD-C10253742BA5}.Debug|Any CPU.Build.0 = Debug|Any CPU
		{E15A5CC8-AAF4-4131-90FD-C10253742BA5}.Release|Any CPU.ActiveCfg = Release|Any CPU
		{E15A5CC8-AAF4-4131-90FD-C10253742BA5}.Release|Any CPU.Build.0 = Release|Any CPU
		{865BF8D2-4B5E-4EC6-BEB9-888AE5DA872C}.Debug|Any CPU.ActiveCfg = Debug|Any CPU
		{865BF8D2-4B5E-4EC6-BEB9-888AE5DA872C}.Debug|Any CPU.Build.0 = Debug|Any CPU
		{865BF8D2-4B5E-4EC6-BEB9-888AE5DA872C}.Release|Any CPU.ActiveCfg = Release|Any CPU
		{865BF8D2-4B5E-4EC6-BEB9-888AE5DA872C}.Release|Any CPU.Build.0 = Release|Any CPU
		{09EEB1AD-8FA6-4A54-8E8C-97334E7794F7}.Debug|Any CPU.ActiveCfg = Debug|Any CPU
		{09EEB1AD-8FA6-4A54-8E8C-97334E7794F7}.Debug|Any CPU.Build.0 = Debug|Any CPU
		{09EEB1AD-8FA6-4A54-8E8C-97334E7794F7}.Release|Any CPU.ActiveCfg = Release|Any CPU
		{09EEB1AD-8FA6-4A54-8E8C-97334E7794F7}.Release|Any CPU.Build.0 = Release|Any CPU
	EndGlobalSection
	GlobalSection(SolutionProperties) = preSolution
		HideSolutionNode = FALSE
	EndGlobalSection
	GlobalSection(NestedProjects) = preSolution
		{7B3C22A7-4689-4270-8F93-2188F109823A} = {9B27FAF1-1CF0-4492-A1A4-BFEF2DFEE451}
		{6EF902F6-9496-43EF-834E-0BF43E4E819B} = {EE397FBE-71C3-4748-ABC1-329A24CC9CE0}
		{CC9BE244-6FD7-4597-B1C7-FF7C08F24890} = {7B3C22A7-4689-4270-8F93-2188F109823A}
		{994907B7-57DE-4DE2-A498-8C6148B969AC} = {7B3C22A7-4689-4270-8F93-2188F109823A}
		{20B27B7E-FC80-470B-A94D-FF7921976955} = {7B3C22A7-4689-4270-8F93-2188F109823A}
		{A24FFF35-3BA0-4B86-99C0-F685D066CA70} = {7B3C22A7-4689-4270-8F93-2188F109823A}
		{F626100A-F95C-4849-A96E-795FB8BA42ED} = {7B3C22A7-4689-4270-8F93-2188F109823A}
		{5A3258C7-E5AA-4DB6-987E-55480A9A26FD} = {7B3C22A7-4689-4270-8F93-2188F109823A}
		{35C21482-5FD5-4B43-B133-E775D54BD5CE} = {9B27FAF1-1CF0-4492-A1A4-BFEF2DFEE451}
		{3B5595CF-8B4E-4BCF-B0D6-C48C5A1A294A} = {35C21482-5FD5-4B43-B133-E775D54BD5CE}
		{BDF586FE-6E27-47D9-A74A-F4845F5FF524} = {35C21482-5FD5-4B43-B133-E775D54BD5CE}
		{14ACC330-D92F-4BE9-AA09-0C158E754F4E} = {35C21482-5FD5-4B43-B133-E775D54BD5CE}
		{8D0DC581-4A51-4466-98BF-FCD2E2ED9381} = {9B27FAF1-1CF0-4492-A1A4-BFEF2DFEE451}
		{F0706719-75AF-434B-9871-CF882FF971D0} = {0BFE178A-6F54-495D-8D0A-C54DCD261F34}
		{843B0926-C19E-4DC8-A087-B01262B2C782} = {9B27FAF1-1CF0-4492-A1A4-BFEF2DFEE451}
		{0BFE178A-6F54-495D-8D0A-C54DCD261F34} = {8D0DC581-4A51-4466-98BF-FCD2E2ED9381}
		{A30A4DBC-9F57-4AF4-9A0B-FBC86D06D825} = {843B0926-C19E-4DC8-A087-B01262B2C782}
		{1BAA2152-85FA-4638-BF14-D3A54153569A} = {843B0926-C19E-4DC8-A087-B01262B2C782}
		{71212B96-9442-4A54-82E3-56A2308DFD26} = {CC9BE244-6FD7-4597-B1C7-FF7C08F24890}
		{1DD85FF2-3955-4BEE-8C5F-8C3B53C3E609} = {EE397FBE-71C3-4748-ABC1-329A24CC9CE0}
		{D9E270E4-C033-493C-8DEA-1CC736554636} = {8D0DC581-4A51-4466-98BF-FCD2E2ED9381}
		{A5F9FB33-36B0-4DB8-907F-BCF7E052F4D3} = {D9E270E4-C033-493C-8DEA-1CC736554636}
		{EE5E5BE3-A143-4A1D-87AF-BEB942D153D9} = {843B0926-C19E-4DC8-A087-B01262B2C782}
		{A3C4AE2D-9632-44E5-9FAB-DE001248AAEF} = {A30A4DBC-9F57-4AF4-9A0B-FBC86D06D825}
		{54320856-A8E1-4456-9A65-A0A3C8B92FAF} = {1BAA2152-85FA-4638-BF14-D3A54153569A}
		{3399F96F-D3CC-47FA-B43B-CEA2729D9A0E} = {EE5E5BE3-A143-4A1D-87AF-BEB942D153D9}
		{B6F7A2F2-1BF8-468B-8249-80D1BC519F88} = {843B0926-C19E-4DC8-A087-B01262B2C782}
		{E1A74591-B1C3-4A54-A315-6460CD7D2B6C} = {B6F7A2F2-1BF8-468B-8249-80D1BC519F88}
		{F226D301-AC55-49FE-9747-F3FEBE4860C5} = {1BAA2152-85FA-4638-BF14-D3A54153569A}
		{B6B8ED3F-BAD8-4027-8018-48246B008D67} = {BD8D41EF-6168-4CE2-A587-D864D80D378A}
		{8A2CB8E7-CF69-484C-A50D-73269D9446C9} = {B6B8ED3F-BAD8-4027-8018-48246B008D67}
		{B9E0B3EE-433F-4134-B767-DBAB8520B5AA} = {9B27FAF1-1CF0-4492-A1A4-BFEF2DFEE451}
		{1DA738F7-F57A-4717-BDC6-AC0596BD4471} = {B9E0B3EE-433F-4134-B767-DBAB8520B5AA}
		{9C7821DA-7DE5-4460-91F1-E421008648F5} = {B9E0B3EE-433F-4134-B767-DBAB8520B5AA}
		{E2966647-D294-4DE5-B011-B354381E91D7} = {B9E0B3EE-433F-4134-B767-DBAB8520B5AA}
		{0A785264-33C9-441D-B958-A6BCB3379131} = {B9E0B3EE-433F-4134-B767-DBAB8520B5AA}
		{E9241499-A576-44D0-8A16-7270BA000AA0} = {B9E0B3EE-433F-4134-B767-DBAB8520B5AA}
		{A0EC3D75-488D-4801-BE43-0B05001D2C7D} = {0A785264-33C9-441D-B958-A6BCB3379131}
		{79408754-F289-44CA-BBFC-BD811FE113D8} = {1DA738F7-F57A-4717-BDC6-AC0596BD4471}
		{AB54D8DF-EEB8-4382-A73D-126F2D2107D7} = {E2966647-D294-4DE5-B011-B354381E91D7}
		{0FAA9C40-44F6-4282-891E-09BFF073D091} = {9C7821DA-7DE5-4460-91F1-E421008648F5}
		{CC326BDF-381C-4144-AF2B-688509F00FE5} = {D84B34B2-CFB8-4E2F-A850-7192794E3D58}
		{73837394-9200-4585-A4C3-F4CDFF817371} = {9B27FAF1-1CF0-4492-A1A4-BFEF2DFEE451}
		{DD947F18-D8CE-455B-BBE9-E827D857624C} = {73837394-9200-4585-A4C3-F4CDFF817371}
		{823443CD-954F-4AE0-9B21-0B0F8C7FA3C5} = {DD947F18-D8CE-455B-BBE9-E827D857624C}
		{755D9CF5-1850-495A-B5F0-62329A687831} = {DD947F18-D8CE-455B-BBE9-E827D857624C}
		{720E4E0D-D543-4423-AB1A-4B7F73926DE4} = {73837394-9200-4585-A4C3-F4CDFF817371}
		{E15A5CC8-AAF4-4131-90FD-C10253742BA5} = {720E4E0D-D543-4423-AB1A-4B7F73926DE4}
		{2EE24452-523E-4026-A4E4-8DE79C9D1A6C} = {73837394-9200-4585-A4C3-F4CDFF817371}
		{865BF8D2-4B5E-4EC6-BEB9-888AE5DA872C} = {2EE24452-523E-4026-A4E4-8DE79C9D1A6C}
		{09EEB1AD-8FA6-4A54-8E8C-97334E7794F7} = {2EE24452-523E-4026-A4E4-8DE79C9D1A6C}
	EndGlobalSection
	GlobalSection(ExtensibilityGlobals) = postSolution
		SolutionGuid = {0A5531EE-CDD1-445F-9144-2247A88CD37D}
	EndGlobalSection
EndGlobal
